
Microsoft Visual Studio Solution File, Format Version 12.00
# Visual Studio Version 17
VisualStudioVersion = 17.8.34322.80
MinimumVisualStudioVersion = 10.0.40219.1
Project("{FAE04EC0-301F-11D3-BF4B-00C04F79EFBC}") = "PogoTracker", "PogoTracker\PogoTracker.csproj", "{A4C8895B-2C05-42EC-A440-45EE21B2AA12}"
EndProject
Global
	GlobalSection(SolutionConfigurationPlatforms) = preSolution
		Debug|Any CPU = Debug|Any CPU
		Release|Any CPU = Release|Any CPU
	EndGlobalSection
	GlobalSection(ProjectConfigurationPlatforms) = postSolution
		{A4C8895B-2C05-42EC-A440-45EE21B2AA12}.Debug|Any CPU.ActiveCfg = Debug|Any CPU
		{A4C8895B-2C05-42EC-A440-45EE21B2AA12}.Debug|Any CPU.Build.0 = Debug|Any CPU
		{A4C8895B-2C05-42EC-A440-45EE21B2AA12}.Release|Any CPU.ActiveCfg = Release|Any CPU
		{A4C8895B-2C05-42EC-A440-45EE21B2AA12}.Release|Any CPU.Build.0 = Release|Any CPU
	EndGlobalSection
	GlobalSection(SolutionProperties) = preSolution
		HideSolutionNode = FALSE
	EndGlobalSection
	GlobalSection(ExtensibilityGlobals) = postSolution
		SolutionGuid = {AE60343C-6718-4FE0-96F6-BF37D2BC6B61}
	EndGlobalSection
EndGlobal
